
Microsoft Visual Studio Solution File, Format Version 12.00
# Visual Studio Version 17
VisualStudioVersion = 17.11.35312.102
MinimumVisualStudioVersion = 10.0.40219.1
Project("{FAE04EC0-301F-11D3-BF4B-00C04F79EFBC}") = "odevv10", "odevv10\odevv10.csproj", "{94667E0C-BA1D-4BC9-BA27-E020A1C0CEA4}"
EndProject
Global
	GlobalSection(SolutionConfigurationPlatforms) = preSolution
		Debug|Any CPU = Debug|Any CPU
		Release|Any CPU = Release|Any CPU
	EndGlobalSection
	GlobalSection(ProjectConfigurationPlatforms) = postSolution
		{94667E0C-BA1D-4BC9-BA27-E020A1C0CEA4}.Debug|Any CPU.ActiveCfg = Debug|Any CPU
		{94667E0C-BA1D-4BC9-BA27-E020A1C0CEA4}.Debug|Any CPU.Build.0 = Debug|Any CPU
		{94667E0C-BA1D-4BC9-BA27-E020A1C0CEA4}.Release|Any CPU.ActiveCfg = Release|Any CPU
		{94667E0C-BA1D-4BC9-BA27-E020A1C0CEA4}.Release|Any CPU.Build.0 = Release|Any CPU
	EndGlobalSection
	GlobalSection(SolutionProperties) = preSolution
		HideSolutionNode = FALSE
	EndGlobalSection
	GlobalSection(ExtensibilityGlobals) = postSolution
		SolutionGuid = {DA6779A7-337E-4F4E-8AEC-3D5A81534F72}
	EndGlobalSection
EndGlobal
